
Microsoft Visual Studio Solution File, Format Version 12.00
# Visual Studio Version 17
VisualStudioVersion = 17.11.35303.130
MinimumVisualStudioVersion = 10.0.40219.1
Project("{2150E333-8FDC-42A3-9474-1A3956D46DE8}") = "Task0", "Task0", "{A63670E0-A095-45FC-86FC-E0B02DBC45AA}"
EndProject
Project("{9A19103F-16F7-4668-BE54-9A1E7A4F7556}") = "Tyuiu.GulienkoPO.Sprint0.Task0.V0", "Tyuiu.GulienkoPO.Sprint0.Task0.V0\Tyuiu.GulienkoPO.Sprint0.Task0.V0.csproj", "{5FBE9587-3F0A-4217-A744-7341CE5F999F}"
EndProject
Project("{9A19103F-16F7-4668-BE54-9A1E7A4F7556}") = "Tyuiu.GulienkoPO.Sprint0.Task1.V0", "Tyuiu.GulienkoPO.Sprint0.Task1.V0\Tyuiu.GulienkoPO.Sprint0.Task1.V0.csproj", "{83E5E58E-B9EB-4943-B14C-EEAC21293310}"
EndProject
Project("{2150E333-8FDC-42A3-9474-1A3956D46DE8}") = "Task1", "Task1", "{810146E9-8E58-467A-8152-8F05E46283A8}"
EndProject
Project("{9A19103F-16F7-4668-BE54-9A1E7A4F7556}") = "Tyuiu.GulienkoPO.Sprint0.Task1.V0", "..\Tyuiu.GulienkoPO.Sprint0.Task1.V0\Tyuiu.GulienkoPO.Sprint0.Task1.V0.csproj", "{73A2610B-8A8A-4B30-997F-B7D0D68B9E4D}"
EndProject
Project("{2150E333-8FDC-42A3-9474-1A3956D46DE8}") = "Task2", "Task2", "{275B0637-E881-4D57-A319-793AA64292ED}"
EndProject
Project("{9A19103F-16F7-4668-BE54-9A1E7A4F7556}") = "Tyuiu.GulienkoPO.Sprint0.Task2.V0", "Tyuiu.GulienkoPO.Sprint0.Task2.V0\Tyuiu.GulienkoPO.Sprint0.Task2.V0.csproj", "{30B4DFA2-7EA7-49E9-ADCF-66FA5641ED67}"
EndProject
Project("{9A19103F-16F7-4668-BE54-9A1E7A4F7556}") = "Tyuiu.GulienkoPO.Sprint0.Task2.V0.Lib", "Tyuiu.GulienkoPO.Sprint0.Task2.V0.Lib\Tyuiu.GulienkoPO.Sprint0.Task2.V0.Lib.csproj", "{A560F378-933E-4A3C-8461-355DD2E01571}"
EndProject
Project("{9A19103F-16F7-4668-BE54-9A1E7A4F7556}") = "Tyuiu.GulienkoPO.Sprint0.Task2.V0.Test", "Tyuiu.GulienkoPO.Sprint0.Task2.V0.Test\Tyuiu.GulienkoPO.Sprint0.Task2.V0.Test.csproj", "{AA338DC8-2B90-4CA9-A2C4-F5F52B772B37}"
EndProject
Project("{2150E333-8FDC-42A3-9474-1A3956D46DE8}") = "Task3", "Task3", "{F991564A-F4B5-453E-B4D4-C896E6F19B17}"
EndProject
Project("{9A19103F-16F7-4668-BE54-9A1E7A4F7556}") = "Tyuiu.GulienkoPO.Sprint0.Task3.V0", "..\Tyuiu.GulienkoPO.Sprint0.Task3.V0\Tyuiu.GulienkoPO.Sprint0.Task3.V0.csproj", "{54723A8A-8F22-4029-AC77-6EC17F51495C}"
EndProject
Project("{9A19103F-16F7-4668-BE54-9A1E7A4F7556}") = "Tyuiu.GulienkoPO.Sprint0.Task3.V0.Lib", "..\Tyuiu.GulienkoPO.Sprint0.Task3.V0.Lib\Tyuiu.GulienkoPO.Sprint0.Task3.V0.Lib.csproj", "{9B41058C-F4F3-40F0-A710-81D9CD5F60C9}"
EndProject
Project("{9A19103F-16F7-4668-BE54-9A1E7A4F7556}") = "Tyuiu.GulienkoPO.Sprint0.Task3.V0.Test", "Tyuiu.GulienkoPO.Sprint0.Task3.V0.Test\Tyuiu.GulienkoPO.Sprint0.Task3.V0.Test.csproj", "{2C2038F0-AE3F-46B0-B222-88457F5039B8}"
EndProject
Project("{9A19103F-16F7-4668-BE54-9A1E7A4F7556}") = "Tyuiu.GulienkoPO.Sprint0.Task4.V0", "..\Tyuiu.GulienkoPO.Sprint0.Task4.V0\Tyuiu.GulienkoPO.Sprint0.Task4.V0.csproj", "{BFA5C212-67AE-49E0-91B9-2C9866CB1F4F}"
EndProject
Project("{2150E333-8FDC-42A3-9474-1A3956D46DE8}") = "Task4", "Task4", "{9784DCBB-2439-4076-BD75-610FE176531D}"
EndProject
Project("{9A19103F-16F7-4668-BE54-9A1E7A4F7556}") = "Tyuiu.GulienkoPO.Sprint0.Task4.V0.Test", "..\Tyuiu.GulienkoPO.Sprint0.Task4.V0.Test\Tyuiu.GulienkoPO.Sprint0.Task4.V0.Test.csproj", "{769D235B-407E-48FC-88EE-4EA2D023F8F3}"
EndProject
Project("{9A19103F-16F7-4668-BE54-9A1E7A4F7556}") = "Tyuiu.GulienkoPO.Sprint0.Task4.V0.Lib", "..\Tyuiu.GulienkoPO.Sprint0.Task4.V0.Lib\Tyuiu.GulienkoPO.Sprint0.Task4.V0.Lib.csproj", "{B812F983-EA73-44C4-B0F0-05607C51D41F}"
EndProject
Project("{2150E333-8FDC-42A3-9474-1A3956D46DE8}") = "Task5", "Task5", "{B40EACD8-146D-4478-B87F-4A5A1474731B}"
EndProject
Project("{FAE04EC0-301F-11D3-BF4B-00C04F79EFBC}") = "Tyuiu.GulienkoPO.Sprint0.Task5.V0.Lib", "Tyuiu.GulienkoPO.Sprint0.Task5.V0.Lib\Tyuiu.GulienkoPO.Sprint0.Task5.V0.Lib.csproj", "{FE609595-C6C6-44BA-BE06-122CC73B248B}"
EndProject
Project("{FAE04EC0-301F-11D3-BF4B-00C04F79EFBC}") = "Tyuiu.GulienkoPO.Sprint0.Task5.V0.Test", "Tyuiu.GulienkoPO.Sprint0.Task5.V0.Test\Tyuiu.GulienkoPO.Sprint0.Task5.V0.Test.csproj", "{F2F524D1-5B05-4D23-A4A9-4586A630CEA4}"
EndProject
Project("{FAE04EC0-301F-11D3-BF4B-00C04F79EFBC}") = "Tyuiu.GulienkoPO.Sprint0.Task5.V0", "Tyuiu.GulienkoPO.Sprint0.Task5.V0\Tyuiu.GulienkoPO.Sprint0.Task5.V0.csproj", "{E57FD461-56EF-47B0-9C6B-D66D353F3D01}"
EndProject
Global
	GlobalSection(SolutionConfigurationPlatforms) = preSolution
		Debug|Any CPU = Debug|Any CPU
		Release|Any CPU = Release|Any CPU
	EndGlobalSection
	GlobalSection(ProjectConfigurationPlatforms) = postSolution
		{5FBE9587-3F0A-4217-A744-7341CE5F999F}.Debug|Any CPU.ActiveCfg = Debug|Any CPU
		{5FBE9587-3F0A-4217-A744-7341CE5F999F}.Debug|Any CPU.Build.0 = Debug|Any CPU
		{5FBE9587-3F0A-4217-A744-7341CE5F999F}.Release|Any CPU.ActiveCfg = Release|Any CPU
		{5FBE9587-3F0A-4217-A744-7341CE5F999F}.Release|Any CPU.Build.0 = Release|Any CPU
		{83E5E58E-B9EB-4943-B14C-EEAC21293310}.Debug|Any CPU.ActiveCfg = Debug|Any CPU
		{83E5E58E-B9EB-4943-B14C-EEAC21293310}.Debug|Any CPU.Build.0 = Debug|Any CPU
		{83E5E58E-B9EB-4943-B14C-EEAC21293310}.Release|Any CPU.ActiveCfg = Release|Any CPU
		{83E5E58E-B9EB-4943-B14C-EEAC21293310}.Release|Any CPU.Build.0 = Release|Any CPU
		{73A2610B-8A8A-4B30-997F-B7D0D68B9E4D}.Debug|Any CPU.ActiveCfg = Debug|Any CPU
		{73A2610B-8A8A-4B30-997F-B7D0D68B9E4D}.Debug|Any CPU.Build.0 = Debug|Any CPU
		{73A2610B-8A8A-4B30-997F-B7D0D68B9E4D}.Release|Any CPU.ActiveCfg = Release|Any CPU
		{73A2610B-8A8A-4B30-997F-B7D0D68B9E4D}.Release|Any CPU.Build.0 = Release|Any CPU
		{30B4DFA2-7EA7-49E9-ADCF-66FA5641ED67}.Debug|Any CPU.ActiveCfg = Debug|Any CPU
		{30B4DFA2-7EA7-49E9-ADCF-66FA5641ED67}.Debug|Any CPU.Build.0 = Debug|Any CPU
		{30B4DFA2-7EA7-49E9-ADCF-66FA5641ED67}.Release|Any CPU.ActiveCfg = Release|Any CPU
		{30B4DFA2-7EA7-49E9-ADCF-66FA5641ED67}.Release|Any CPU.Build.0 = Release|Any CPU
		{A560F378-933E-4A3C-8461-355DD2E01571}.Debug|Any CPU.ActiveCfg = Debug|Any CPU
		{A560F378-933E-4A3C-8461-355DD2E01571}.Debug|Any CPU.Build.0 = Debug|Any CPU
		{A560F378-933E-4A3C-8461-355DD2E01571}.Release|Any CPU.ActiveCfg = Release|Any CPU
		{A560F378-933E-4A3C-8461-355DD2E01571}.Release|Any CPU.Build.0 = Release|Any CPU
		{AA338DC8-2B90-4CA9-A2C4-F5F52B772B37}.Debug|Any CPU.ActiveCfg = Debug|Any CPU
		{AA338DC8-2B90-4CA9-A2C4-F5F52B772B37}.Debug|Any CPU.Build.0 = Debug|Any CPU
		{AA338DC8-2B90-4CA9-A2C4-F5F52B772B37}.Release|Any CPU.ActiveCfg = Release|Any CPU
		{AA338DC8-2B90-4CA9-A2C4-F5F52B772B37}.Release|Any CPU.Build.0 = Release|Any CPU
		{54723A8A-8F22-4029-AC77-6EC17F51495C}.Debug|Any CPU.ActiveCfg = Debug|Any CPU
		{54723A8A-8F22-4029-AC77-6EC17F51495C}.Debug|Any CPU.Build.0 = Debug|Any CPU
		{54723A8A-8F22-4029-AC77-6EC17F51495C}.Release|Any CPU.ActiveCfg = Release|Any CPU
		{54723A8A-8F22-4029-AC77-6EC17F51495C}.Release|Any CPU.Build.0 = Release|Any CPU
		{9B41058C-F4F3-40F0-A710-81D9CD5F60C9}.Debug|Any CPU.ActiveCfg = Debug|Any CPU
		{9B41058C-F4F3-40F0-A710-81D9CD5F60C9}.Debug|Any CPU.Build.0 = Debug|Any CPU
		{9B41058C-F4F3-40F0-A710-81D9CD5F60C9}.Release|Any CPU.ActiveCfg = Release|Any CPU
		{9B41058C-F4F3-40F0-A710-81D9CD5F60C9}.Release|Any CPU.Build.0 = Release|Any CPU
		{2C2038F0-AE3F-46B0-B222-88457F5039B8}.Debug|Any CPU.ActiveCfg = Debug|Any CPU
		{2C2038F0-AE3F-46B0-B222-88457F5039B8}.Debug|Any CPU.Build.0 = Debug|Any CPU
		{2C2038F0-AE3F-46B0-B222-88457F5039B8}.Release|Any CPU.ActiveCfg = Release|Any CPU
		{2C2038F0-AE3F-46B0-B222-88457F5039B8}.Release|Any CPU.Build.0 = Release|Any CPU
		{BFA5C212-67AE-49E0-91B9-2C9866CB1F4F}.Debug|Any CPU.ActiveCfg = Debug|Any CPU
		{BFA5C212-67AE-49E0-91B9-2C9866CB1F4F}.Debug|Any CPU.Build.0 = Debug|Any CPU
		{BFA5C212-67AE-49E0-91B9-2C9866CB1F4F}.Release|Any CPU.ActiveCfg = Release|Any CPU
		{BFA5C212-67AE-49E0-91B9-2C9866CB1F4F}.Release|Any CPU.Build.0 = Release|Any CPU
		{769D235B-407E-48FC-88EE-4EA2D023F8F3}.Debug|Any CPU.ActiveCfg = Debug|Any CPU
		{769D235B-407E-48FC-88EE-4EA2D023F8F3}.Debug|Any CPU.Build.0 = Debug|Any CPU
		{769D235B-407E-48FC-88EE-4EA2D023F8F3}.Release|Any CPU.ActiveCfg = Release|Any CPU
		{769D235B-407E-48FC-88EE-4EA2D023F8F3}.Release|Any CPU.Build.0 = Release|Any CPU
		{B812F983-EA73-44C4-B0F0-05607C51D41F}.Debug|Any CPU.ActiveCfg = Debug|Any CPU
		{B812F983-EA73-44C4-B0F0-05607C51D41F}.Debug|Any CPU.Build.0 = Debug|Any CPU
		{B812F983-EA73-44C4-B0F0-05607C51D41F}.Release|Any CPU.ActiveCfg = Release|Any CPU
		{B812F983-EA73-44C4-B0F0-05607C51D41F}.Release|Any CPU.Build.0 = Release|Any CPU
		{FE609595-C6C6-44BA-BE06-122CC73B248B}.Debug|Any CPU.ActiveCfg = Debug|Any CPU
		{FE609595-C6C6-44BA-BE06-122CC73B248B}.Debug|Any CPU.Build.0 = Debug|Any CPU
		{FE609595-C6C6-44BA-BE06-122CC73B248B}.Release|Any CPU.ActiveCfg = Release|Any CPU
		{FE609595-C6C6-44BA-BE06-122CC73B248B}.Release|Any CPU.Build.0 = Release|Any CPU
		{F2F524D1-5B05-4D23-A4A9-4586A630CEA4}.Debug|Any CPU.ActiveCfg = Debug|Any CPU
		{F2F524D1-5B05-4D23-A4A9-4586A630CEA4}.Debug|Any CPU.Build.0 = Debug|Any CPU
		{F2F524D1-5B05-4D23-A4A9-4586A630CEA4}.Release|Any CPU.ActiveCfg = Release|Any CPU
		{F2F524D1-5B05-4D23-A4A9-4586A630CEA4}.Release|Any CPU.Build.0 = Release|Any CPU
		{E57FD461-56EF-47B0-9C6B-D66D353F3D01}.Debug|Any CPU.ActiveCfg = Debug|Any CPU
		{E57FD461-56EF-47B0-9C6B-D66D353F3D01}.Debug|Any CPU.Build.0 = Debug|Any CPU
		{E57FD461-56EF-47B0-9C6B-D66D353F3D01}.Release|Any CPU.ActiveCfg = Release|Any CPU
		{E57FD461-56EF-47B0-9C6B-D66D353F3D01}.Release|Any CPU.Build.0 = Release|Any CPU
	EndGlobalSection
	GlobalSection(SolutionProperties) = preSolution
		HideSolutionNode = FALSE
	EndGlobalSection
	GlobalSection(NestedProjects) = preSolution
		{5FBE9587-3F0A-4217-A744-7341CE5F999F} = {A63670E0-A095-45FC-86FC-E0B02DBC45AA}
		{83E5E58E-B9EB-4943-B14C-EEAC21293310} = {A63670E0-A095-45FC-86FC-E0B02DBC45AA}
		{73A2610B-8A8A-4B30-997F-B7D0D68B9E4D} = {810146E9-8E58-467A-8152-8F05E46283A8}
		{30B4DFA2-7EA7-49E9-ADCF-66FA5641ED67} = {275B0637-E881-4D57-A319-793AA64292ED}
		{A560F378-933E-4A3C-8461-355DD2E01571} = {275B0637-E881-4D57-A319-793AA64292ED}
		{AA338DC8-2B90-4CA9-A2C4-F5F52B772B37} = {275B0637-E881-4D57-A319-793AA64292ED}
		{54723A8A-8F22-4029-AC77-6EC17F51495C} = {F991564A-F4B5-453E-B4D4-C896E6F19B17}
		{9B41058C-F4F3-40F0-A710-81D9CD5F60C9} = {F991564A-F4B5-453E-B4D4-C896E6F19B17}
		{2C2038F0-AE3F-46B0-B222-88457F5039B8} = {F991564A-F4B5-453E-B4D4-C896E6F19B17}
		{BFA5C212-67AE-49E0-91B9-2C9866CB1F4F} = {9784DCBB-2439-4076-BD75-610FE176531D}
		{769D235B-407E-48FC-88EE-4EA2D023F8F3} = {9784DCBB-2439-4076-BD75-610FE176531D}
		{B812F983-EA73-44C4-B0F0-05607C51D41F} = {9784DCBB-2439-4076-BD75-610FE176531D}
		{FE609595-C6C6-44BA-BE06-122CC73B248B} = {B40EACD8-146D-4478-B87F-4A5A1474731B}
		{F2F524D1-5B05-4D23-A4A9-4586A630CEA4} = {B40EACD8-146D-4478-B87F-4A5A1474731B}
		{E57FD461-56EF-47B0-9C6B-D66D353F3D01} = {B40EACD8-146D-4478-B87F-4A5A1474731B}
	EndGlobalSection
	GlobalSection(ExtensibilityGlobals) = postSolution
		SolutionGuid = {83446DA5-CDBA-4F4F-8A89-A89F45A6944E}
	EndGlobalSection
EndGlobal
